// !$*UTF8*$!
{
	archiveVersion = 1;
	classes = {
	};
	objectVersion = 55;
	objects = {

/* Begin PBXBuildFile section */
		CF1C782F2725F51C008BAB89 /* navichoiceApp.swift in Sources */ = {isa = PBXBuildFile; fileRef = CF1C782E2725F51C008BAB89 /* navichoiceApp.swift */; };
		CF1C78312725F51C008BAB89 /* ContentView.swift in Sources */ = {isa = PBXBuildFile; fileRef = CF1C78302725F51C008BAB89 /* ContentView.swift */; };
		CF1C78332725F51F008BAB89 /* Assets.xcassets in Resources */ = {isa = PBXBuildFile; fileRef = CF1C78322725F51F008BAB89 /* Assets.xcassets */; };
		CF1C78362725F51F008BAB89 /* Preview Assets.xcassets in Resources */ = {isa = PBXBuildFile; fileRef = CF1C78352725F51F008BAB89 /* Preview Assets.xcassets */; };
		CF1C78432725F552008BAB89 /* SafariWebExtensionHandler.swift in Sources */ = {isa = PBXBuildFile; fileRef = CF1C78422725F552008BAB89 /* SafariWebExtensionHandler.swift */; };
		CF1C78462725F552008BAB89 /* _locales in Resources */ = {isa = PBXBuildFile; fileRef = CF1C78452725F552008BAB89 /* _locales */; };
		CF1C78482725F552008BAB89 /* images in Resources */ = {isa = PBXBuildFile; fileRef = CF1C78472725F552008BAB89 /* images */; };
		CF1C784A2725F552008BAB89 /* manifest.json in Resources */ = {isa = PBXBuildFile; fileRef = CF1C78492725F552008BAB89 /* manifest.json */; };
		CF1C784E2725F552008BAB89 /* content.js in Resources */ = {isa = PBXBuildFile; fileRef = CF1C784D2725F552008BAB89 /* content.js */; };
		CF1C78502725F552008BAB89 /* popup.html in Resources */ = {isa = PBXBuildFile; fileRef = CF1C784F2725F552008BAB89 /* popup.html */; };
		CF1C78522725F552008BAB89 /* popup.css in Resources */ = {isa = PBXBuildFile; fileRef = CF1C78512725F552008BAB89 /* popup.css */; };
		CF1C78542725F552008BAB89 /* popup.js in Resources */ = {isa = PBXBuildFile; fileRef = CF1C78532725F552008BAB89 /* popup.js */; };
		CF1C78582725F552008BAB89 /* extension.appex in Embed App Extensions */ = {isa = PBXBuildFile; fileRef = CF1C78402725F552008BAB89 /* extension.appex */; settings = {ATTRIBUTES = (RemoveHeadersOnCopy, ); }; };
/* End PBXBuildFile section */

/* Begin PBXContainerItemProxy section */
		CF1C78562725F552008BAB89 /* PBXContainerItemProxy */ = {
			isa = PBXContainerItemProxy;
			containerPortal = CF1C78232725F51C008BAB89 /* Project object */;
			proxyType = 1;
			remoteGlobalIDString = CF1C783F2725F552008BAB89;
			remoteInfo = extension;
		};
/* End PBXContainerItemProxy section */

/* Begin PBXCopyFilesBuildPhase section */
		CF1C785C2725F552008BAB89 /* Embed App Extensions */ = {
			isa = PBXCopyFilesBuildPhase;
			buildActionMask = 2147483647;
			dstPath = "";
			dstSubfolderSpec = 13;
			files = (
				CF1C78582725F552008BAB89 /* extension.appex in Embed App Extensions */,
			);
			name = "Embed App Extensions";
			runOnlyForDeploymentPostprocessing = 0;
		};
/* End PBXCopyFilesBuildPhase section */

/* Begin PBXFileReference section */
		CF1C782B2725F51C008BAB89 /* navichoice.app */ = {isa = PBXFileReference; explicitFileType = wrapper.application; includeInIndex = 0; path = navichoice.app; sourceTree = BUILT_PRODUCTS_DIR; };
		CF1C782E2725F51C008BAB89 /* navichoiceApp.swift */ = {isa = PBXFileReference; lastKnownFileType = sourcecode.swift; path = navichoiceApp.swift; sourceTree = "<group>"; };
		CF1C78302725F51C008BAB89 /* ContentView.swift */ = {isa = PBXFileReference; lastKnownFileType = sourcecode.swift; path = ContentView.swift; sourceTree = "<group>"; };
		CF1C78322725F51F008BAB89 /* Assets.xcassets */ = {isa = PBXFileReference; lastKnownFileType = folder.assetcatalog; path = Assets.xcassets; sourceTree = "<group>"; };
		CF1C78352725F51F008BAB89 /* Preview Assets.xcassets */ = {isa = PBXFileReference; lastKnownFileType = folder.assetcatalog; path = "Preview Assets.xcassets"; sourceTree = "<group>"; };
		CF1C78402725F552008BAB89 /* extension.appex */ = {isa = PBXFileReference; explicitFileType = "wrapper.app-extension"; includeInIndex = 0; path = extension.appex; sourceTree = BUILT_PRODUCTS_DIR; };
		CF1C78422725F552008BAB89 /* SafariWebExtensionHandler.swift */ = {isa = PBXFileReference; lastKnownFileType = sourcecode.swift; path = SafariWebExtensionHandler.swift; sourceTree = "<group>"; };
		CF1C78452725F552008BAB89 /* _locales */ = {isa = PBXFileReference; lastKnownFileType = folder; path = _locales; sourceTree = "<group>"; };
		CF1C78472725F552008BAB89 /* images */ = {isa = PBXFileReference; lastKnownFileType = folder; path = images; sourceTree = "<group>"; };
		CF1C78492725F552008BAB89 /* manifest.json */ = {isa = PBXFileReference; lastKnownFileType = text.json; path = manifest.json; sourceTree = "<group>"; };
		CF1C784D2725F552008BAB89 /* content.js */ = {isa = PBXFileReference; lastKnownFileType = sourcecode.javascript; path = content.js; sourceTree = "<group>"; };
		CF1C784F2725F552008BAB89 /* popup.html */ = {isa = PBXFileReference; lastKnownFileType = text.html; path = popup.html; sourceTree = "<group>"; };
		CF1C78512725F552008BAB89 /* popup.css */ = {isa = PBXFileReference; lastKnownFileType = text.css; path = popup.css; sourceTree = "<group>"; };
		CF1C78532725F552008BAB89 /* popup.js */ = {isa = PBXFileReference; lastKnownFileType = sourcecode.javascript; path = popup.js; sourceTree = "<group>"; };
		CF1C78552725F552008BAB89 /* Info.plist */ = {isa = PBXFileReference; lastKnownFileType = text.plist.xml; path = Info.plist; sourceTree = "<group>"; };
/* End PBXFileReference section */

/* Begin PBXFrameworksBuildPhase section */
		CF1C78282725F51C008BAB89 /* Frameworks */ = {
			isa = PBXFrameworksBuildPhase;
			buildActionMask = 2147483647;
			files = (
			);
			runOnlyForDeploymentPostprocessing = 0;
		};
		CF1C783D2725F552008BAB89 /* Frameworks */ = {
			isa = PBXFrameworksBuildPhase;
			buildActionMask = 2147483647;
			files = (
			);
			runOnlyForDeploymentPostprocessing = 0;
		};
/* End PBXFrameworksBuildPhase section */

/* Begin PBXGroup section */
		CF1C78222725F51C008BAB89 = {
			isa = PBXGroup;
			children = (
				CF1C782D2725F51C008BAB89 /* navichoice */,
				CF1C78412725F552008BAB89 /* extension */,
				CF1C782C2725F51C008BAB89 /* Products */,
			);
			sourceTree = "<group>";
		};
		CF1C782C2725F51C008BAB89 /* Products */ = {
			isa = PBXGroup;
			children = (
				CF1C782B2725F51C008BAB89 /* navichoice.app */,
				CF1C78402725F552008BAB89 /* extension.appex */,
			);
			name = Products;
			sourceTree = "<group>";
		};
		CF1C782D2725F51C008BAB89 /* navichoice */ = {
			isa = PBXGroup;
			children = (
				CF1C782E2725F51C008BAB89 /* navichoiceApp.swift */,
				CF1C78302725F51C008BAB89 /* ContentView.swift */,
				CF1C78322725F51F008BAB89 /* Assets.xcassets */,
				CF1C78342725F51F008BAB89 /* Preview Content */,
			);
			path = navichoice;
			sourceTree = "<group>";
		};
		CF1C78342725F51F008BAB89 /* Preview Content */ = {
			isa = PBXGroup;
			children = (
				CF1C78352725F51F008BAB89 /* Preview Assets.xcassets */,
			);
			path = "Preview Content";
			sourceTree = "<group>";
		};
		CF1C78412725F552008BAB89 /* extension */ = {
			isa = PBXGroup;
			children = (
				CF1C78422725F552008BAB89 /* SafariWebExtensionHandler.swift */,
				CF1C78552725F552008BAB89 /* Info.plist */,
				CF1C78442725F552008BAB89 /* Resources */,
			);
			path = extension;
			sourceTree = "<group>";
		};
		CF1C78442725F552008BAB89 /* Resources */ = {
			isa = PBXGroup;
			children = (
				CF1C78452725F552008BAB89 /* _locales */,
				CF1C78472725F552008BAB89 /* images */,
				CF1C78492725F552008BAB89 /* manifest.json */,
				CF1C784D2725F552008BAB89 /* content.js */,
				CF1C784F2725F552008BAB89 /* popup.html */,
				CF1C78512725F552008BAB89 /* popup.css */,
				CF1C78532725F552008BAB89 /* popup.js */,
			);
			path = Resources;
			sourceTree = "<group>";
		};
/* End PBXGroup section */

/* Begin PBXNativeTarget section */
		CF1C782A2725F51C008BAB89 /* navichoice */ = {
			isa = PBXNativeTarget;
			buildConfigurationList = CF1C78392725F51F008BAB89 /* Build configuration list for PBXNativeTarget "navichoice" */;
			buildPhases = (
				CF1C78272725F51C008BAB89 /* Sources */,
				CF1C78282725F51C008BAB89 /* Frameworks */,
				CF1C78292725F51C008BAB89 /* Resources */,
				CF1C785C2725F552008BAB89 /* Embed App Extensions */,
			);
			buildRules = (
			);
			dependencies = (
				CF1C78572725F552008BAB89 /* PBXTargetDependency */,
			);
			name = navichoice;
			productName = navichoice;
			productReference = CF1C782B2725F51C008BAB89 /* navichoice.app */;
			productType = "com.apple.product-type.application";
		};
		CF1C783F2725F552008BAB89 /* extension */ = {
			isa = PBXNativeTarget;
			buildConfigurationList = CF1C78592725F552008BAB89 /* Build configuration list for PBXNativeTarget "extension" */;
			buildPhases = (
				CF1C783C2725F552008BAB89 /* Sources */,
				CF1C783D2725F552008BAB89 /* Frameworks */,
				CF1C783E2725F552008BAB89 /* Resources */,
			);
			buildRules = (
			);
			dependencies = (
			);
			name = extension;
			productName = extension;
			productReference = CF1C78402725F552008BAB89 /* extension.appex */;
			productType = "com.apple.product-type.app-extension";
		};
/* End PBXNativeTarget section */

/* Begin PBXProject section */
		CF1C78232725F51C008BAB89 /* Project object */ = {
			isa = PBXProject;
			attributes = {
				BuildIndependentTargetsInParallel = 1;
				LastSwiftUpdateCheck = 1300;
				LastUpgradeCheck = 1300;
				TargetAttributes = {
					CF1C782A2725F51C008BAB89 = {
						CreatedOnToolsVersion = 13.0;
					};
					CF1C783F2725F552008BAB89 = {
						CreatedOnToolsVersion = 13.0;
					};
				};
			};
			buildConfigurationList = CF1C78262725F51C008BAB89 /* Build configuration list for PBXProject "navichoice" */;
			compatibilityVersion = "Xcode 13.0";
			developmentRegion = en;
			hasScannedForEncodings = 0;
			knownRegions = (
				en,
				Base,
			);
			mainGroup = CF1C78222725F51C008BAB89;
			productRefGroup = CF1C782C2725F51C008BAB89 /* Products */;
			projectDirPath = "";
			projectRoot = "";
			targets = (
				CF1C782A2725F51C008BAB89 /* navichoice */,
				CF1C783F2725F552008BAB89 /* extension */,
			);
		};
/* End PBXProject section */

/* Begin PBXResourcesBuildPhase section */
		CF1C78292725F51C008BAB89 /* Resources */ = {
			isa = PBXResourcesBuildPhase;
			buildActionMask = 2147483647;
			files = (
				CF1C78362725F51F008BAB89 /* Preview Assets.xcassets in Resources */,
				CF1C78332725F51F008BAB89 /* Assets.xcassets in Resources */,
			);
			runOnlyForDeploymentPostprocessing = 0;
		};
		CF1C783E2725F552008BAB89 /* Resources */ = {
			isa = PBXResourcesBuildPhase;
			buildActionMask = 2147483647;
			files = (
				CF1C78522725F552008BAB89 /* popup.css in Resources */,
				CF1C78502725F552008BAB89 /* popup.html in Resources */,
				CF1C78482725F552008BAB89 /* images in Resources */,
				CF1C784A2725F552008BAB89 /* manifest.json in Resources */,
				CF1C78462725F552008BAB89 /* _locales in Resources */,
				CF1C784E2725F552008BAB89 /* content.js in Resources */,
				CF1C78542725F552008BAB89 /* popup.js in Resources */,
			);
			runOnlyForDeploymentPostprocessing = 0;
		};
/* End PBXResourcesBuildPhase section */

/* Begin PBXSourcesBuildPhase section */
		CF1C78272725F51C008BAB89 /* Sources */ = {
			isa = PBXSourcesBuildPhase;
			buildActionMask = 2147483647;
			files = (
				CF1C78312725F51C008BAB89 /* ContentView.swift in Sources */,
				CF1C782F2725F51C008BAB89 /* navichoiceApp.swift in Sources */,
			);
			runOnlyForDeploymentPostprocessing = 0;
		};
		CF1C783C2725F552008BAB89 /* Sources */ = {
			isa = PBXSourcesBuildPhase;
			buildActionMask = 2147483647;
			files = (
				CF1C78432725F552008BAB89 /* SafariWebExtensionHandler.swift in Sources */,
			);
			runOnlyForDeploymentPostprocessing = 0;
		};
/* End PBXSourcesBuildPhase section */

/* Begin PBXTargetDependency section */
		CF1C78572725F552008BAB89 /* PBXTargetDependency */ = {
			isa = PBXTargetDependency;
			target = CF1C783F2725F552008BAB89 /* extension */;
			targetProxy = CF1C78562725F552008BAB89 /* PBXContainerItemProxy */;
		};
/* End PBXTargetDependency section */

/* Begin XCBuildConfiguration section */
		CF1C78372725F51F008BAB89 /* Debug */ = {
			isa = XCBuildConfiguration;
			buildSettings = {
				ALWAYS_SEARCH_USER_PATHS = NO;
				CLANG_ANALYZER_NONNULL = YES;
				CLANG_ANALYZER_NUMBER_OBJECT_CONVERSION = YES_AGGRESSIVE;
				CLANG_CXX_LANGUAGE_STANDARD = "gnu++17";
				CLANG_CXX_LIBRARY = "libc++";
				CLANG_ENABLE_MODULES = YES;
				CLANG_ENABLE_OBJC_ARC = YES;
				CLANG_ENABLE_OBJC_WEAK = YES;
				CLANG_WARN_BLOCK_CAPTURE_AUTORELEASING = YES;
				CLANG_WARN_BOOL_CONVERSION = YES;
				CLANG_WARN_COMMA = YES;
				CLANG_WARN_CONSTANT_CONVERSION = YES;
				CLANG_WARN_DEPRECATED_OBJC_IMPLEMENTATIONS = YES;
				CLANG_WARN_DIRECT_OBJC_ISA_USAGE = YES_ERROR;
				CLANG_WARN_DOCUMENTATION_COMMENTS = YES;
				CLANG_WARN_EMPTY_BODY = YES;
				CLANG_WARN_ENUM_CONVERSION = YES;
				CLANG_WARN_INFINITE_RECURSION = YES;
				CLANG_WARN_INT_CONVERSION = YES;
				CLANG_WARN_NON_LITERAL_NULL_CONVERSION = YES;
				CLANG_WARN_OBJC_IMPLICIT_RETAIN_SELF = YES;
				CLANG_WARN_OBJC_LITERAL_CONVERSION = YES;
				CLANG_WARN_OBJC_ROOT_CLASS = YES_ERROR;
				CLANG_WARN_QUOTED_INCLUDE_IN_FRAMEWORK_HEADER = YES;
				CLANG_WARN_RANGE_LOOP_ANALYSIS = YES;
				CLANG_WARN_STRICT_PROTOTYPES = YES;
				CLANG_WARN_SUSPICIOUS_MOVE = YES;
				CLANG_WARN_UNGUARDED_AVAILABILITY = YES_AGGRESSIVE;
				CLANG_WARN_UNREACHABLE_CODE = YES;
				CLANG_WARN__DUPLICATE_METHOD_MATCH = YES;
				COPY_PHASE_STRIP = NO;
				DEBUG_INFORMATION_FORMAT = dwarf;
				ENABLE_STRICT_OBJC_MSGSEND = YES;
				ENABLE_TESTABILITY = YES;
				GCC_C_LANGUAGE_STANDARD = gnu11;
				GCC_DYNAMIC_NO_PIC = NO;
				GCC_NO_COMMON_BLOCKS = YES;
				GCC_OPTIMIZATION_LEVEL = 0;
				GCC_PREPROCESSOR_DEFINITIONS = (
					"DEBUG=1",
					"$(inherited)",
				);
				GCC_WARN_64_TO_32_BIT_CONVERSION = YES;
				GCC_WARN_ABOUT_RETURN_TYPE = YES_ERROR;
				GCC_WARN_UNDECLARED_SELECTOR = YES;
				GCC_WARN_UNINITIALIZED_AUTOS = YES_AGGRESSIVE;
				GCC_WARN_UNUSED_FUNCTION = YES;
				GCC_WARN_UNUSED_VARIABLE = YES;
				IPHONEOS_DEPLOYMENT_TARGET = 15.0;
				MTL_ENABLE_DEBUG_INFO = INCLUDE_SOURCE;
				MTL_FAST_MATH = YES;
				ONLY_ACTIVE_ARCH = YES;
				SDKROOT = iphoneos;
				SWIFT_ACTIVE_COMPILATION_CONDITIONS = DEBUG;
				SWIFT_OPTIMIZATION_LEVEL = "-Onone";
			};
			name = Debug;
		};
		CF1C78382725F51F008BAB89 /* Release */ = {
			isa = XCBuildConfiguration;
			buildSettings = {
				ALWAYS_SEARCH_USER_PATHS = NO;
				CLANG_ANALYZER_NONNULL = YES;
				CLANG_ANALYZER_NUMBER_OBJECT_CONVERSION = YES_AGGRESSIVE;
				CLANG_CXX_LANGUAGE_STANDARD = "gnu++17";
				CLANG_CXX_LIBRARY = "libc++";
				CLANG_ENABLE_MODULES = YES;
				CLANG_ENABLE_OBJC_ARC = YES;
				CLANG_ENABLE_OBJC_WEAK = YES;
				CLANG_WARN_BLOCK_CAPTURE_AUTORELEASING = YES;
				CLANG_WARN_BOOL_CONVERSION = YES;
				CLANG_WARN_COMMA = YES;
				CLANG_WARN_CONSTANT_CONVERSION = YES;
				CLANG_WARN_DEPRECATED_OBJC_IMPLEMENTATIONS = YES;
				CLANG_WARN_DIRECT_OBJC_ISA_USAGE = YES_ERROR;
				CLANG_WARN_DOCUMENTATION_COMMENTS = YES;
				CLANG_WARN_EMPTY_BODY = YES;
				CLANG_WARN_ENUM_CONVERSION = YES;
				CLANG_WARN_INFINITE_RECURSION = YES;
				CLANG_WARN_INT_CONVERSION = YES;
				CLANG_WARN_NON_LITERAL_NULL_CONVERSION = YES;
				CLANG_WARN_OBJC_IMPLICIT_RETAIN_SELF = YES;
				CLANG_WARN_OBJC_LITERAL_CONVERSION = YES;
				CLANG_WARN_OBJC_ROOT_CLASS = YES_ERROR;
				CLANG_WARN_QUOTED_INCLUDE_IN_FRAMEWORK_HEADER = YES;
				CLANG_WARN_RANGE_LOOP_ANALYSIS = YES;
				CLANG_WARN_STRICT_PROTOTYPES = YES;
				CLANG_WARN_SUSPICIOUS_MOVE = YES;
				CLANG_WARN_UNGUARDED_AVAILABILITY = YES_AGGRESSIVE;
				CLANG_WARN_UNREACHABLE_CODE = YES;
				CLANG_WARN__DUPLICATE_METHOD_MATCH = YES;
				COPY_PHASE_STRIP = NO;
				DEBUG_INFORMATION_FORMAT = "dwarf-with-dsym";
				ENABLE_NS_ASSERTIONS = NO;
				ENABLE_STRICT_OBJC_MSGSEND = YES;
				GCC_C_LANGUAGE_STANDARD = gnu11;
				GCC_NO_COMMON_BLOCKS = YES;
				GCC_WARN_64_TO_32_BIT_CONVERSION = YES;
				GCC_WARN_ABOUT_RETURN_TYPE = YES_ERROR;
				GCC_WARN_UNDECLARED_SELECTOR = YES;
				GCC_WARN_UNINITIALIZED_AUTOS = YES_AGGRESSIVE;
				GCC_WARN_UNUSED_FUNCTION = YES;
				GCC_WARN_UNUSED_VARIABLE = YES;
				IPHONEOS_DEPLOYMENT_TARGET = 15.0;
				MTL_ENABLE_DEBUG_INFO = NO;
				MTL_FAST_MATH = YES;
				SDKROOT = iphoneos;
				SWIFT_COMPILATION_MODE = wholemodule;
				SWIFT_OPTIMIZATION_LEVEL = "-O";
				VALIDATE_PRODUCT = YES;
			};
			name = Release;
		};
		CF1C783A2725F51F008BAB89 /* Debug */ = {
			isa = XCBuildConfiguration;
			buildSettings = {
				ALWAYS_EMBED_SWIFT_STANDARD_LIBRARIES = YES;
				ASSETCATALOG_COMPILER_APPICON_NAME = AppIcon;
				ASSETCATALOG_COMPILER_GLOBAL_ACCENT_COLOR_NAME = AccentColor;
				CODE_SIGN_STYLE = Automatic;
				CURRENT_PROJECT_VERSION = 1;
				DEVELOPMENT_ASSET_PATHS = "\"navichoice/Preview Content\"";
				DEVELOPMENT_TEAM = 773WNUNYUG;
				ENABLE_PREVIEWS = YES;
				GENERATE_INFOPLIST_FILE = YES;
				INFOPLIST_KEY_UIApplicationSceneManifest_Generation = YES;
				INFOPLIST_KEY_UIApplicationSupportsIndirectInputEvents = YES;
				INFOPLIST_KEY_UILaunchScreen_Generation = YES;
				INFOPLIST_KEY_UISupportedInterfaceOrientations_iPad = "UIInterfaceOrientationPortrait UIInterfaceOrientationPortraitUpsideDown UIInterfaceOrientationLandscapeLeft UIInterfaceOrientationLandscapeRight";
				INFOPLIST_KEY_UISupportedInterfaceOrientations_iPhone = "UIInterfaceOrientationPortrait UIInterfaceOrientationLandscapeLeft UIInterfaceOrientationLandscapeRight";
				IPHONEOS_DEPLOYMENT_TARGET = 14.0;
				LD_RUNPATH_SEARCH_PATHS = (
					"$(inherited)",
					"@executable_path/Frameworks",
				);
				MARKETING_VERSION = 1.0;
				PRODUCT_BUNDLE_IDENTIFIER = com.Prometheus.navichoice;
				PRODUCT_NAME = "$(TARGET_NAME)";
				SWIFT_EMIT_LOC_STRINGS = YES;
				SWIFT_VERSION = 5.0;
				TARGETED_DEVICE_FAMILY = "1,2";
			};
			name = Debug;
		};
		CF1C783B2725F51F008BAB89 /* Release */ = {
			isa = XCBuildConfiguration;
			buildSettings = {
				ALWAYS_EMBED_SWIFT_STANDARD_LIBRARIES = YES;
				ASSETCATALOG_COMPILER_APPICON_NAME = AppIcon;
				ASSETCATALOG_COMPILER_GLOBAL_ACCENT_COLOR_NAME = AccentColor;
				CODE_SIGN_STYLE = Automatic;
				CURRENT_PROJECT_VERSION = 1;
				DEVELOPMENT_ASSET_PATHS = "\"navichoice/Preview Content\"";
				DEVELOPMENT_TEAM = 773WNUNYUG;
				ENABLE_PREVIEWS = YES;
				GENERATE_INFOPLIST_FILE = YES;
				INFOPLIST_KEY_UIApplicationSceneManifest_Generation = YES;
				INFOPLIST_KEY_UIApplicationSupportsIndirectInputEvents = YES;
				INFOPLIST_KEY_UILaunchScreen_Generation = YES;
				INFOPLIST_KEY_UISupportedInterfaceOrientations_iPad = "UIInterfaceOrientationPortrait UIInterfaceOrientationPortraitUpsideDown UIInterfaceOrientationLandscapeLeft UIInterfaceOrientationLandscapeRight";
				INFOPLIST_KEY_UISupportedInterfaceOrientations_iPhone = "UIInterfaceOrientationPortrait UIInterfaceOrientationLandscapeLeft UIInterfaceOrientationLandscapeRight";
				IPHONEOS_DEPLOYMENT_TARGET = 14.0;
				LD_RUNPATH_SEARCH_PATHS = (
					"$(inherited)",
					"@executable_path/Frameworks",
				);
				MARKETING_VERSION = 1.0;
				PRODUCT_BUNDLE_IDENTIFIER = com.Prometheus.navichoice;
				PRODUCT_NAME = "$(TARGET_NAME)";
				SWIFT_EMIT_LOC_STRINGS = YES;
				SWIFT_VERSION = 5.0;
				TARGETED_DEVICE_FAMILY = "1,2";
			};
			name = Release;
		};
		CF1C785A2725F552008BAB89 /* Debug */ = {
			isa = XCBuildConfiguration;
			buildSettings = {
				CODE_SIGN_STYLE = Automatic;
				CURRENT_PROJECT_VERSION = 1;
				DEVELOPMENT_TEAM = 773WNUNYUG;
				GENERATE_INFOPLIST_FILE = YES;
				INFOPLIST_FILE = extension/Info.plist;
				INFOPLIST_KEY_CFBundleDisplayName = extension;
				INFOPLIST_KEY_NSHumanReadableCopyright = "";
				IPHONEOS_DEPLOYMENT_TARGET = 15.0;
				LD_RUNPATH_SEARCH_PATHS = (
					"$(inherited)",
					"@executable_path/Frameworks",
					"@executable_path/../../Frameworks",
				);
				MARKETING_VERSION = 1.0;
				OTHER_LDFLAGS = (
					"-framework",
					SafariServices,
				);
				PRODUCT_BUNDLE_IDENTIFIER = com.Prometheus.navichoice.extension;
				PRODUCT_NAME = "$(TARGET_NAME)";
				SKIP_INSTALL = YES;
				SWIFT_EMIT_LOC_STRINGS = YES;
				SWIFT_VERSION = 5.0;
				TARGETED_DEVICE_FAMILY = "1,2";
			};
			name = Debug;
		};
		CF1C785B2725F552008BAB89 /* Release */ = {
			isa = XCBuildConfiguration;
			buildSettings = {
				CODE_SIGN_STYLE = Automatic;
				CURRENT_PROJECT_VERSION = 1;
				DEVELOPMENT_TEAM = 773WNUNYUG;
				GENERATE_INFOPLIST_FILE = YES;
				INFOPLIST_FILE = extension/Info.plist;
				INFOPLIST_KEY_CFBundleDisplayName = extension;
				INFOPLIST_KEY_NSHumanReadableCopyright = "";
				IPHONEOS_DEPLOYMENT_TARGET = 15.0;
				LD_RUNPATH_SEARCH_PATHS = (
					"$(inherited)",
					"@executable_path/Frameworks",
					"@executable_path/../../Frameworks",
				);
				MARKETING_VERSION = 1.0;
				OTHER_LDFLAGS = (
					"-framework",
					SafariServices,
				);
				PRODUCT_BUNDLE_IDENTIFIER = com.Prometheus.navichoice.extension;
				PRODUCT_NAME = "$(TARGET_NAME)";
				SKIP_INSTALL = YES;
				SWIFT_EMIT_LOC_STRINGS = YES;
				SWIFT_VERSION = 5.0;
				TARGETED_DEVICE_FAMILY = "1,2";
			};
			name = Release;
		};
/* End XCBuildConfiguration section */

/* Begin XCConfigurationList section */
		CF1C78262725F51C008BAB89 /* Build configuration list for PBXProject "navichoice" */ = {
			isa = XCConfigurationList;
			buildConfigurations = (
				CF1C78372725F51F008BAB89 /* Debug */,
				CF1C78382725F51F008BAB89 /* Release */,
			);
			defaultConfigurationIsVisible = 0;
			defaultConfigurationName = Release;
		};
		CF1C78392725F51F008BAB89 /* Build configuration list for PBXNativeTarget "navichoice" */ = {
			isa = XCConfigurationList;
			buildConfigurations = (
				CF1C783A2725F51F008BAB89 /* Debug */,
				CF1C783B2725F51F008BAB89 /* Release */,
			);
			defaultConfigurationIsVisible = 0;
			defaultConfigurationName = Release;
		};
		CF1C78592725F552008BAB89 /* Build configuration list for PBXNativeTarget "extension" */ = {
			isa = XCConfigurationList;
			buildConfigurations = (
				CF1C785A2725F552008BAB89 /* Debug */,
				CF1C785B2725F552008BAB89 /* Release */,
			);
			defaultConfigurationIsVisible = 0;
			defaultConfigurationName = Release;
		};
/* End XCConfigurationList section */
	};
	rootObject = CF1C78232725F51C008BAB89 /* Project object */;
}
